{
  "name": "second",
  "version": "1.0.0",
  "lockfileVersion": 2,
  "requires": true,
  "packages": {
    "": {
      "name": "second",
      "version": "1.0.0",
      "license": "ISC",
      "dependencies": {
        "@lvchengbin/cli-table": "^0.0.1",
        "cli-table": "^0.3.11",
        "fs": "^0.0.1-security",
        "random-world": "^1.2.1"
      }
    },
    "node_modules/@lvchengbin/cli-table": {
      "version": "0.0.1",
      "resolved": "https://registry.npmjs.org/@lvchengbin/cli-table/-/cli-table-0.0.1.tgz",
      "integrity": "sha512-rERrI6lhh26wacQPu2F0+98NPrdo2OLkzXLBxf//koa+h9aaBw+zMnaknmDVzUhlhZV4Z37gICorGbGsVfaatA==",
      "dependencies": {
        "@lvchengbin/is": "0.0.27",
        "cli-style": "0.0.3"
      }
    },
    "node_modules/@lvchengbin/is": {
      "version": "0.0.27",
      "resolved": "https://registry.npmjs.org/@lvchengbin/is/-/is-0.0.27.tgz",
      "integrity": "sha512-g02dng+7pnWYntAyXKYxe0xx/F0rPsY8OrRTiFn8n43Ye62C5ZKFmOV94LhnmMcb8ka/l4JEZ0AGZ1u51JXPFw=="
    },
    "node_modules/@lvchengbin/kit": {
      "version": "0.0.2",
      "resolved": "https://registry.npmjs.org/@lvchengbin/kit/-/kit-0.0.2.tgz",
      "integrity": "sha512-Z/orsQVEHekwdY8qUE+IiXStVQiFdyf91yWNCSKEKpUrC/Aa8MBDyLETOqchQi+f83AYrmMHbAwVSTKzeAp72w==",
      "dependencies": {
        "@lvchengbin/is": "0.0.22"
      }
    },
    "node_modules/@lvchengbin/kit/node_modules/@lvchengbin/is": {
      "version": "0.0.22",
      "resolved": "https://registry.npmjs.org/@lvchengbin/is/-/is-0.0.22.tgz",
      "integrity": "sha512-CVTT75IxrbSUijwPunjDCv3rP+7YPLe5UXSo+6fXvRzjJsxJ9uGBRUujMoOp2NHVo8FmpxEPRsOuedVsqs4C8A=="
    },
    "node_modules/ansi-styles": {
      "version": "3.2.1",
      "resolved": "https://registry.npmjs.org/ansi-styles/-/ansi-styles-3.2.1.tgz",
      "integrity": "sha512-VT0ZI6kZRdTh8YyJw3SMbYm/u+NqfsAxEpWO0Pf9sq8/e94WxxOpPKx9FR1FlyCtOVDNOQ+8ntlqFxiRc+r5qA==",
      "dependencies": {
        "color-convert": "^1.9.0"
      },
      "engines": {
        "node": ">=4"
      }
    },
    "node_modules/chalk": {
      "version": "2.4.2",
      "resolved": "https://registry.npmjs.org/chalk/-/chalk-2.4.2.tgz",
      "integrity": "sha512-Mti+f9lpJNcwF4tWV8/OrTTtF1gZi+f8FqlyAdouralcFWFQWF2+NgCHShjkCb+IFBLq9buZwE1xckQU4peSuQ==",
      "dependencies": {
        "ansi-styles": "^3.2.1",
        "escape-string-regexp": "^1.0.5",
        "supports-color": "^5.3.0"
      },
      "engines": {
        "node": ">=4"
      }
    },
    "node_modules/cli-style": {
      "version": "0.0.3",
      "resolved": "https://registry.npmjs.org/cli-style/-/cli-style-0.0.3.tgz",
      "integrity": "sha512-TgiBk+fx1bF7fLpT2lVwSYj69vWEhH0nfplNAmEDUmagj8bHNQkLicgeTDDMlhWZwBjoHVFUebVruEU0ERU8kA==",
      "dependencies": {
        "@lvchengbin/is": "0.0.22",
        "@lvchengbin/kit": "0.0.2",
        "chalk": "^2.4.1"
      }
    },
    "node_modules/cli-style/node_modules/@lvchengbin/is": {
      "version": "0.0.22",
      "resolved": "https://registry.npmjs.org/@lvchengbin/is/-/is-0.0.22.tgz",
      "integrity": "sha512-CVTT75IxrbSUijwPunjDCv3rP+7YPLe5UXSo+6fXvRzjJsxJ9uGBRUujMoOp2NHVo8FmpxEPRsOuedVsqs4C8A=="
    },
    "node_modules/cli-table": {
      "version": "0.3.11",
      "resolved": "https://registry.npmjs.org/cli-table/-/cli-table-0.3.11.tgz",
      "integrity": "sha512-IqLQi4lO0nIB4tcdTpN4LCB9FI3uqrJZK7RC515EnhZ6qBaglkIgICb1wjeAqpdoOabm1+SuQtkXIPdYC93jhQ==",
      "dependencies": {
        "colors": "1.0.3"
      },
      "engines": {
        "node": ">= 0.2.0"
      }
    },
    "node_modules/color-convert": {
      "version": "1.9.3",
      "resolved": "https://registry.npmjs.org/color-convert/-/color-convert-1.9.3.tgz",
      "integrity": "sha512-QfAUtd+vFdAtFQcC8CCyYt1fYWxSqAiK2cSD6zDB8N3cpsEBAvRxp9zOGg6G/SHHJYAT88/az/IuDGALsNVbGg==",
      "dependencies": {
        "color-name": "1.1.3"
      }
    },
    "node_modules/color-name": {
      "version": "1.1.3",
      "resolved": "https://registry.npmjs.org/color-name/-/color-name-1.1.3.tgz",
      "integrity": "sha512-72fSenhMw2HZMTVHeCA9KCmpEIbzWiQsjN+BHcBbS9vr1mtt+vJjPdksIBNUmKAW8TFUDPJK5SUU3QhE9NEXDw=="
    },
    "node_modules/colors": {
      "version": "1.0.3",
      "resolved": "https://registry.npmjs.org/colors/-/colors-1.0.3.tgz",
      "integrity": "sha512-pFGrxThWcWQ2MsAz6RtgeWe4NK2kUE1WfsrvvlctdII745EW9I0yflqhe7++M5LEc7bV2c/9/5zc8sFcpL0Drw==",
      "engines": {
        "node": ">=0.1.90"
      }
    },
    "node_modules/escape-string-regexp": {
      "version": "1.0.5",
      "resolved": "https://registry.npmjs.org/escape-string-regexp/-/escape-string-regexp-1.0.5.tgz",
      "integrity": "sha512-vbRorB5FUQWvla16U8R/qgaFIya2qGzwDrNmCZuYKrbdSUMG6I1ZCGQRefkRVhuOkIGVne7BQ35DSfo1qvJqFg==",
      "engines": {
        "node": ">=0.8.0"
      }
    },
    "node_modules/fs": {
      "version": "0.0.1-security",
      "resolved": "https://registry.npmjs.org/fs/-/fs-0.0.1-security.tgz",
      "integrity": "sha512-3XY9e1pP0CVEUCdj5BmfIZxRBTSDycnbqhIOGec9QYtmVH2fbLpj86CFWkrNOkt/Fvty4KZG5lTglL9j/gJ87w=="
    },
    "node_modules/has-flag": {
      "version": "3.0.0",
      "resolved": "https://registry.npmjs.org/has-flag/-/has-flag-3.0.0.tgz",
      "integrity": "sha512-sKJf1+ceQBr4SMkvQnBDNDtf4TXpVhVGateu0t918bl30FnbE2m4vNLX+VWe/dpjlb+HugGYzW7uQXH98HPEYw==",
      "engines": {
        "node": ">=4"
      }
    },
    "node_modules/moment": {
      "version": "2.29.4",
      "resolved": "https://registry.npmjs.org/moment/-/moment-2.29.4.tgz",
      "integrity": "sha512-5LC9SOxjSc2HF6vO2CyuTDNivEdoz2IvyJJGj6X8DJ0eFyfszE0QiEd+iXmBvUP3WHxSjFH/vIsA0EN00cgr8w==",
      "engines": {
        "node": "*"
      }
    },
    "node_modules/random-world": {
      "version": "1.2.1",
      "resolved": "https://registry.npmjs.org/random-world/-/random-world-1.2.1.tgz",
      "integrity": "sha512-SM3B4QhUJ4VQdoLuZJ8ZuahxkvS+r0wG8UsKs5ZrD2NpnKnI6NknNwFW0LswK8+9fOvyP/O58SSwL065qAJY/A==",
      "dependencies": {
        "moment": "^2.11.2",
        "seedrandom": "^2.4.2",
        "underscore": "^1.8.3",
        "uuid": "^3.0.1"
      }
    },
    "node_modules/seedrandom": {
      "version": "2.4.4",
      "resolved": "https://registry.npmjs.org/seedrandom/-/seedrandom-2.4.4.tgz",
      "integrity": "sha512-9A+PDmgm+2du77B5i0Ip2cxOqqHjgNxnBgglxLcX78A2D6c2rTo61z4jnVABpF4cKeDMDG+cmXXvdnqse2VqMA=="
    },
    "node_modules/supports-color": {
      "version": "5.5.0",
      "resolved": "https://registry.npmjs.org/supports-color/-/supports-color-5.5.0.tgz",
      "integrity": "sha512-QjVjwdXIt408MIiAqCX4oUKsgU2EqAGzs2Ppkm4aQYbjm+ZEWEcW4SfFNTr4uMNZma0ey4f5lgLrkB0aX0QMow==",
      "dependencies": {
        "has-flag": "^3.0.0"
      },
      "engines": {
        "node": ">=4"
      }
    },
    "node_modules/underscore": {
      "version": "1.13.6",
      "resolved": "https://registry.npmjs.org/underscore/-/underscore-1.13.6.tgz",
      "integrity": "sha512-+A5Sja4HP1M08MaXya7p5LvjuM7K6q/2EaC0+iovj/wOcMsTzMvDFbasi/oSapiwOlt252IqsKqPjCl7huKS0A=="
    },
    "node_modules/uuid": {
      "version": "3.4.0",
      "resolved": "https://registry.npmjs.org/uuid/-/uuid-3.4.0.tgz",
      "integrity": "sha512-HjSDRw6gZE5JMggctHBcjVak08+KEVhSIiDzFnT9S9aegmp85S/bReBVTb4QTFaRNptJ9kuYaNhnbNEOkbKb/A==",
      "deprecated": "Please upgrade  to version 7 or higher.  Older versions may use Math.random() in certain circumstances, which is known to be problematic.  See https://v8.dev/blog/math-random for details.",
      "bin": {
        "uuid": "bin/uuid"
      }
    }
  },
  "dependencies": {
    "@lvchengbin/cli-table": {
      "version": "0.0.1",
      "resolved": "https://registry.npmjs.org/@lvchengbin/cli-table/-/cli-table-0.0.1.tgz",
      "integrity": "sha512-rERrI6lhh26wacQPu2F0+98NPrdo2OLkzXLBxf//koa+h9aaBw+zMnaknmDVzUhlhZV4Z37gICorGbGsVfaatA==",
      "requires": {
        "@lvchengbin/is": "0.0.27",
        "cli-style": "0.0.3"
      }
    },
    "@lvchengbin/is": {
      "version": "0.0.27",
      "resolved": "https://registry.npmjs.org/@lvchengbin/is/-/is-0.0.27.tgz",
      "integrity": "sha512-g02dng+7pnWYntAyXKYxe0xx/F0rPsY8OrRTiFn8n43Ye62C5ZKFmOV94LhnmMcb8ka/l4JEZ0AGZ1u51JXPFw=="
    },
    "@lvchengbin/kit": {
      "version": "0.0.2",
      "resolved": "https://registry.npmjs.org/@lvchengbin/kit/-/kit-0.0.2.tgz",
      "integrity": "sha512-Z/orsQVEHekwdY8qUE+IiXStVQiFdyf91yWNCSKEKpUrC/Aa8MBDyLETOqchQi+f83AYrmMHbAwVSTKzeAp72w==",
      "requires": {
        "@lvchengbin/is": "0.0.22"
      },
      "dependencies": {
        "@lvchengbin/is": {
          "version": "0.0.22",
          "resolved": "https://registry.npmjs.org/@lvchengbin/is/-/is-0.0.22.tgz",
          "integrity": "sha512-CVTT75IxrbSUijwPunjDCv3rP+7YPLe5UXSo+6fXvRzjJsxJ9uGBRUujMoOp2NHVo8FmpxEPRsOuedVsqs4C8A=="
        }
      }
    },
    "ansi-styles": {
      "version": "3.2.1",
      "resolved": "https://registry.npmjs.org/ansi-styles/-/ansi-styles-3.2.1.tgz",
      "integrity": "sha512-VT0ZI6kZRdTh8YyJw3SMbYm/u+NqfsAxEpWO0Pf9sq8/e94WxxOpPKx9FR1FlyCtOVDNOQ+8ntlqFxiRc+r5qA==",
      "requires": {
        "color-convert": "^1.9.0"
      }
    },
    "chalk": {
      "version": "2.4.2",
      "resolved": "https://registry.npmjs.org/chalk/-/chalk-2.4.2.tgz",
      "integrity": "sha512-Mti+f9lpJNcwF4tWV8/OrTTtF1gZi+f8FqlyAdouralcFWFQWF2+NgCHShjkCb+IFBLq9buZwE1xckQU4peSuQ==",
      "requires": {
        "ansi-styles": "^3.2.1",
        "escape-string-regexp": "^1.0.5",
        "supports-color": "^5.3.0"
      }
    },
    "cli-style": {
      "version": "0.0.3",
      "resolved": "https://registry.npmjs.org/cli-style/-/cli-style-0.0.3.tgz",
      "integrity": "sha512-TgiBk+fx1bF7fLpT2lVwSYj69vWEhH0nfplNAmEDUmagj8bHNQkLicgeTDDMlhWZwBjoHVFUebVruEU0ERU8kA==",
      "requires": {
        "@lvchengbin/is": "0.0.22",
        "@lvchengbin/kit": "0.0.2",
        "chalk": "^2.4.1"
      },
      "dependencies": {
        "@lvchengbin/is": {
          "version": "0.0.22",
          "resolved": "https://registry.npmjs.org/@lvchengbin/is/-/is-0.0.22.tgz",
          "integrity": "sha512-CVTT75IxrbSUijwPunjDCv3rP+7YPLe5UXSo+6fXvRzjJsxJ9uGBRUujMoOp2NHVo8FmpxEPRsOuedVsqs4C8A=="
        }
      }
    },
    "cli-table": {
      "version": "0.3.11",
      "resolved": "https://registry.npmjs.org/cli-table/-/cli-table-0.3.11.tgz",
      "integrity": "sha512-IqLQi4lO0nIB4tcdTpN4LCB9FI3uqrJZK7RC515EnhZ6qBaglkIgICb1wjeAqpdoOabm1+SuQtkXIPdYC93jhQ==",
      "requires": {
        "colors": "1.0.3"
      }
    },
    "color-convert": {
      "version": "1.9.3",
      "resolved": "https://registry.npmjs.org/color-convert/-/color-convert-1.9.3.tgz",
      "integrity": "sha512-QfAUtd+vFdAtFQcC8CCyYt1fYWxSqAiK2cSD6zDB8N3cpsEBAvRxp9zOGg6G/SHHJYAT88/az/IuDGALsNVbGg==",
      "requires": {
        "color-name": "1.1.3"
      }
    },
    "color-name": {
      "version": "1.1.3",
      "resolved": "https://registry.npmjs.org/color-name/-/color-name-1.1.3.tgz",
      "integrity": "sha512-72fSenhMw2HZMTVHeCA9KCmpEIbzWiQsjN+BHcBbS9vr1mtt+vJjPdksIBNUmKAW8TFUDPJK5SUU3QhE9NEXDw=="
    },
    "colors": {
      "version": "1.0.3",
      "resolved": "https://registry.npmjs.org/colors/-/colors-1.0.3.tgz",
      "integrity": "sha512-pFGrxThWcWQ2MsAz6RtgeWe4NK2kUE1WfsrvvlctdII745EW9I0yflqhe7++M5LEc7bV2c/9/5zc8sFcpL0Drw=="
    },
    "escape-string-regexp": {
      "version": "1.0.5",
      "resolved": "https://registry.npmjs.org/escape-string-regexp/-/escape-string-regexp-1.0.5.tgz",
      "integrity": "sha512-vbRorB5FUQWvla16U8R/qgaFIya2qGzwDrNmCZuYKrbdSUMG6I1ZCGQRefkRVhuOkIGVne7BQ35DSfo1qvJqFg=="
    },
    "fs": {
      "version": "0.0.1-security",
      "resolved": "https://registry.npmjs.org/fs/-/fs-0.0.1-security.tgz",
      "integrity": "sha512-3XY9e1pP0CVEUCdj5BmfIZxRBTSDycnbqhIOGec9QYtmVH2fbLpj86CFWkrNOkt/Fvty4KZG5lTglL9j/gJ87w=="
    },
    "has-flag": {
      "version": "3.0.0",
      "resolved": "https://registry.npmjs.org/has-flag/-/has-flag-3.0.0.tgz",
      "integrity": "sha512-sKJf1+ceQBr4SMkvQnBDNDtf4TXpVhVGateu0t918bl30FnbE2m4vNLX+VWe/dpjlb+HugGYzW7uQXH98HPEYw=="
    },
    "moment": {
      "version": "2.29.4",
      "resolved": "https://registry.npmjs.org/moment/-/moment-2.29.4.tgz",
      "integrity": "sha512-5LC9SOxjSc2HF6vO2CyuTDNivEdoz2IvyJJGj6X8DJ0eFyfszE0QiEd+iXmBvUP3WHxSjFH/vIsA0EN00cgr8w=="
    },
    "random-world": {
      "version": "1.2.1",
      "resolved": "https://registry.npmjs.org/random-world/-/random-world-1.2.1.tgz",
      "integrity": "sha512-SM3B4QhUJ4VQdoLuZJ8ZuahxkvS+r0wG8UsKs5ZrD2NpnKnI6NknNwFW0LswK8+9fOvyP/O58SSwL065qAJY/A==",
      "requires": {
        "moment": "^2.11.2",
        "seedrandom": "^2.4.2",
        "underscore": "^1.8.3",
        "uuid": "^3.0.1"
      }
    },
    "seedrandom": {
      "version": "2.4.4",
      "resolved": "https://registry.npmjs.org/seedrandom/-/seedrandom-2.4.4.tgz",
      "integrity": "sha512-9A+PDmgm+2du77B5i0Ip2cxOqqHjgNxnBgglxLcX78A2D6c2rTo61z4jnVABpF4cKeDMDG+cmXXvdnqse2VqMA=="
    },
    "supports-color": {
      "version": "5.5.0",
      "resolved": "https://registry.npmjs.org/supports-color/-/supports-color-5.5.0.tgz",
      "integrity": "sha512-QjVjwdXIt408MIiAqCX4oUKsgU2EqAGzs2Ppkm4aQYbjm+ZEWEcW4SfFNTr4uMNZma0ey4f5lgLrkB0aX0QMow==",
      "requires": {
        "has-flag": "^3.0.0"
      }
    },
    "underscore": {
      "version": "1.13.6",
      "resolved": "https://registry.npmjs.org/underscore/-/underscore-1.13.6.tgz",
      "integrity": "sha512-+A5Sja4HP1M08MaXya7p5LvjuM7K6q/2EaC0+iovj/wOcMsTzMvDFbasi/oSapiwOlt252IqsKqPjCl7huKS0A=="
    },
    "uuid": {
      "version": "3.4.0",
      "resolved": "https://registry.npmjs.org/uuid/-/uuid-3.4.0.tgz",
      "integrity": "sha512-HjSDRw6gZE5JMggctHBcjVak08+KEVhSIiDzFnT9S9aegmp85S/bReBVTb4QTFaRNptJ9kuYaNhnbNEOkbKb/A=="
    }
  }
}
